
Microsoft Visual Studio Solution File, Format Version 12.00
# Visual Studio Version 17
VisualStudioVersion = 17.6.33815.320
MinimumVisualStudioVersion = 10.0.40219.1
Project("{FAE04EC0-301F-11D3-BF4B-00C04F79EFBC}") = "OOPSDemo", "OOPSDemo\OOPSDemo.csproj", "{1C78BA02-08C7-4A63-B12E-8E540A3A3411}"
EndProject
Global
	GlobalSection(SolutionConfigurationPlatforms) = preSolution
		Debug|Any CPU = Debug|Any CPU
		Release|Any CPU = Release|Any CPU
	EndGlobalSection
	GlobalSection(ProjectConfigurationPlatforms) = postSolution
		{1C78BA02-08C7-4A63-B12E-8E540A3A3411}.Debug|Any CPU.ActiveCfg = Debug|Any CPU
		{1C78BA02-08C7-4A63-B12E-8E540A3A3411}.Debug|Any CPU.Build.0 = Debug|Any CPU
		{1C78BA02-08C7-4A63-B12E-8E540A3A3411}.Release|Any CPU.ActiveCfg = Release|Any CPU
		{1C78BA02-08C7-4A63-B12E-8E540A3A3411}.Release|Any CPU.Build.0 = Release|Any CPU
	EndGlobalSection
	GlobalSection(SolutionProperties) = preSolution
		HideSolutionNode = FALSE
	EndGlobalSection
	GlobalSection(ExtensibilityGlobals) = postSolution
		SolutionGuid = {401B3CF8-B953-4678-99C3-49FE4C6F90E2}
	EndGlobalSection
EndGlobal
